
Microsoft Visual Studio Solution File, Format Version 12.00
# Visual Studio Version 17
VisualStudioVersion = 17.11.35222.181
MinimumVisualStudioVersion = 10.0.40219.1
Project("{9A19103F-16F7-4668-BE54-9A1E7A4F7556}") = "Domain", "Domain\Domain.csproj", "{4A285B52-DD26-4B93-A68A-592895A542CC}"
EndProject
Project("{9A19103F-16F7-4668-BE54-9A1E7A4F7556}") = "Infrastructure", "Infrastructure\Infrastructure.csproj", "{D60D2B32-0804-40F0-B880-F4A78C75AB3F}"
EndProject
Project("{9A19103F-16F7-4668-BE54-9A1E7A4F7556}") = "Application", "Application\Application.csproj", "{96993023-B250-40A9-A55B-A3E0EAA70714}"
EndProject
Project("{9A19103F-16F7-4668-BE54-9A1E7A4F7556}") = "DomainUnitTests", "Domain.UnitTests\DomainUnitTests.csproj", "{3DD6C681-A764-4809-90D7-C4359BEF9F49}"
EndProject
Project("{9A19103F-16F7-4668-BE54-9A1E7A4F7556}") = "ConsoleApp", "ConsoleApp\ConsoleApp.csproj", "{580A3FF0-276D-45A3-91C9-0712E74D8159}"
EndProject
Global
	GlobalSection(SolutionConfigurationPlatforms) = preSolution
		Debug|Any CPU = Debug|Any CPU
		Release|Any CPU = Release|Any CPU
	EndGlobalSection
	GlobalSection(ProjectConfigurationPlatforms) = postSolution
		{4A285B52-DD26-4B93-A68A-592895A542CC}.Debug|Any CPU.ActiveCfg = Debug|Any CPU
		{4A285B52-DD26-4B93-A68A-592895A542CC}.Debug|Any CPU.Build.0 = Debug|Any CPU
		{4A285B52-DD26-4B93-A68A-592895A542CC}.Release|Any CPU.ActiveCfg = Release|Any CPU
		{4A285B52-DD26-4B93-A68A-592895A542CC}.Release|Any CPU.Build.0 = Release|Any CPU
		{D60D2B32-0804-40F0-B880-F4A78C75AB3F}.Debug|Any CPU.ActiveCfg = Debug|Any CPU
		{D60D2B32-0804-40F0-B880-F4A78C75AB3F}.Debug|Any CPU.Build.0 = Debug|Any CPU
		{D60D2B32-0804-40F0-B880-F4A78C75AB3F}.Release|Any CPU.ActiveCfg = Release|Any CPU
		{D60D2B32-0804-40F0-B880-F4A78C75AB3F}.Release|Any CPU.Build.0 = Release|Any CPU
		{96993023-B250-40A9-A55B-A3E0EAA70714}.Debug|Any CPU.ActiveCfg = Debug|Any CPU
		{96993023-B250-40A9-A55B-A3E0EAA70714}.Debug|Any CPU.Build.0 = Debug|Any CPU
		{96993023-B250-40A9-A55B-A3E0EAA70714}.Release|Any CPU.ActiveCfg = Release|Any CPU
		{96993023-B250-40A9-A55B-A3E0EAA70714}.Release|Any CPU.Build.0 = Release|Any CPU
		{3DD6C681-A764-4809-90D7-C4359BEF9F49}.Debug|Any CPU.ActiveCfg = Debug|Any CPU
		{3DD6C681-A764-4809-90D7-C4359BEF9F49}.Debug|Any CPU.Build.0 = Debug|Any CPU
		{3DD6C681-A764-4809-90D7-C4359BEF9F49}.Release|Any CPU.ActiveCfg = Release|Any CPU
		{3DD6C681-A764-4809-90D7-C4359BEF9F49}.Release|Any CPU.Build.0 = Release|Any CPU
		{580A3FF0-276D-45A3-91C9-0712E74D8159}.Debug|Any CPU.ActiveCfg = Debug|Any CPU
		{580A3FF0-276D-45A3-91C9-0712E74D8159}.Debug|Any CPU.Build.0 = Debug|Any CPU
		{580A3FF0-276D-45A3-91C9-0712E74D8159}.Release|Any CPU.ActiveCfg = Release|Any CPU
		{580A3FF0-276D-45A3-91C9-0712E74D8159}.Release|Any CPU.Build.0 = Release|Any CPU
	EndGlobalSection
	GlobalSection(SolutionProperties) = preSolution
		HideSolutionNode = FALSE
	EndGlobalSection
	GlobalSection(ExtensibilityGlobals) = postSolution
		SolutionGuid = {924E61AF-61A1-4598-A6E3-9ADFBC210BDB}
	EndGlobalSection
EndGlobal
